// !$*UTF8*$!
{
	archiveVersion = 1;
	classes = {
	};
	objectVersion = 56;
	objects = {

/* Begin PBXBuildFile section */
		BE021DDA2B62E71C0003E00A /* OptionsView.swift in Sources */ = {isa = PBXBuildFile; fileRef = BE021DD92B62E71C0003E00A /* OptionsView.swift */; };
		BE021DDC2B62F06F0003E00A /* ContentView.swift in Sources */ = {isa = PBXBuildFile; fileRef = BE021DDB2B62F06F0003E00A /* ContentView.swift */; };
		BE080C812B96539900B37EFE /* PokedexColor.swift in Sources */ = {isa = PBXBuildFile; fileRef = BE080C802B96539900B37EFE /* PokedexColor.swift */; };
		BE0ED96A2B3DAAA5009057F3 /* HeroImageView.swift in Sources */ = {isa = PBXBuildFile; fileRef = BE0ED9692B3DAAA5009057F3 /* HeroImageView.swift */; };
		BE219A882B9A90270051510F /* ScrubbyKnobView.swift in Sources */ = {isa = PBXBuildFile; fileRef = BE219A872B9A90270051510F /* ScrubbyKnobView.swift */; };
		BE25AED92B366B1F002C3412 /* DetailStatsView.swift in Sources */ = {isa = PBXBuildFile; fileRef = BE25AED82B366B1F002C3412 /* DetailStatsView.swift */; };
		BE2C59022B32471C00500E55 /* TypeFilterView.swift in Sources */ = {isa = PBXBuildFile; fileRef = BE2C59012B32471C00500E55 /* TypeFilterView.swift */; };
		BE41AE312BA4DAEF00734576 /* README.md in Resources */ = {isa = PBXBuildFile; fileRef = BE41AE302BA4DAEF00734576 /* README.md */; };
		BE47CAA02B61E13300B887CD /* SideMenuView.swift in Sources */ = {isa = PBXBuildFile; fileRef = BE47CA9F2B61E13300B887CD /* SideMenuView.swift */; };
		BE4FF6CE2B2BC6CB00DD2DEC /* PokedexApp.swift in Sources */ = {isa = PBXBuildFile; fileRef = BE4FF6CD2B2BC6CB00DD2DEC /* PokedexApp.swift */; };
		BE4FF6D22B2BC6CC00DD2DEC /* Assets.xcassets in Resources */ = {isa = PBXBuildFile; fileRef = BE4FF6D12B2BC6CC00DD2DEC /* Assets.xcassets */; };
		BE4FF6D52B2BC6CC00DD2DEC /* Preview Assets.xcassets in Resources */ = {isa = PBXBuildFile; fileRef = BE4FF6D42B2BC6CC00DD2DEC /* Preview Assets.xcassets */; };
		BE4FF6DE2B2BC73900DD2DEC /* PokemonCellView.swift in Sources */ = {isa = PBXBuildFile; fileRef = BE4FF6DD2B2BC73900DD2DEC /* PokemonCellView.swift */; };
		BE4FF6E02B2BD24C00DD2DEC /* PokedexView.swift in Sources */ = {isa = PBXBuildFile; fileRef = BE4FF6DF2B2BD24C00DD2DEC /* PokedexView.swift */; };
		BE4FF6E22B2BD42F00DD2DEC /* Pokemon.swift in Sources */ = {isa = PBXBuildFile; fileRef = BE4FF6E12B2BD42F00DD2DEC /* Pokemon.swift */; };
		BE4FF6E42B2BD4DD00DD2DEC /* PokemonService.swift in Sources */ = {isa = PBXBuildFile; fileRef = BE4FF6E32B2BD4DD00DD2DEC /* PokemonService.swift */; };
		BE5B4E052B38EEA200DD4AA4 /* PokemonEntry.swift in Sources */ = {isa = PBXBuildFile; fileRef = BE5B4E042B38EEA200DD4AA4 /* PokemonEntry.swift */; };
		BE63FD2B2B2E236B00531B99 /* SwiftyJSON in Frameworks */ = {isa = PBXBuildFile; productRef = BE63FD2A2B2E236B00531B99 /* SwiftyJSON */; };
		BE6D91482B30D3A400964BEB /* Siesta in Frameworks */ = {isa = PBXBuildFile; productRef = BE6D91472B30D3A400964BEB /* Siesta */; };
		BE6D914A2B30D3A400964BEB /* SiestaUI in Frameworks */ = {isa = PBXBuildFile; productRef = BE6D91492B30D3A400964BEB /* SiestaUI */; };
		BE6D914C2B30D3A400964BEB /* Siesta_Alamofire in Frameworks */ = {isa = PBXBuildFile; productRef = BE6D914B2B30D3A400964BEB /* Siesta_Alamofire */; };
		BE886CA92B8FBC38008475EF /* PokemonTypeExtensions.swift in Sources */ = {isa = PBXBuildFile; fileRef = BE886CA82B8FBC38008475EF /* PokemonTypeExtensions.swift */; };
		BE95A0AC2B64900000511CBE /* PokedexViewControllerView.swift in Sources */ = {isa = PBXBuildFile; fileRef = BE95A0AB2B64900000511CBE /* PokedexViewControllerView.swift */; };
		BE95A0AD2B64907000511CBE /* PokedexViewController.swift in Sources */ = {isa = PBXBuildFile; fileRef = BE4836992B5749E8007BEB58 /* PokedexViewController.swift */; };
		BE95A0AE2B64907300511CBE /* PokedexCell.swift in Sources */ = {isa = PBXBuildFile; fileRef = BE538CD52B57549C0075DA3D /* PokedexCell.swift */; };
		BE9DBC512B31014D00123162 /* PokedexViewModel.swift in Sources */ = {isa = PBXBuildFile; fileRef = BE9DBC502B31014D00123162 /* PokedexViewModel.swift */; };
		BE9DBC562B312EE500123162 /* PokemonDetailView.swift in Sources */ = {isa = PBXBuildFile; fileRef = BE9DBC552B312EE500123162 /* PokemonDetailView.swift */; };
		BEA821A82B4A554D00835E26 /* PreviewData.swift in Sources */ = {isa = PBXBuildFile; fileRef = BEA821A72B4A554D00835E26 /* PreviewData.swift */; };
		BED73DEB2B40EA57003E2600 /* StatefulPreviewWrapper.swift in Sources */ = {isa = PBXBuildFile; fileRef = BED73DEA2B40EA57003E2600 /* StatefulPreviewWrapper.swift */; };
		BEE0E2912B7AE4E600AE3E9F /* AlignmentExtensions.swift in Sources */ = {isa = PBXBuildFile; fileRef = BEE0E2902B7AE4E600AE3E9F /* AlignmentExtensions.swift */; };
		BEE0E2932B7AE50C00AE3E9F /* PokemonType.swift in Sources */ = {isa = PBXBuildFile; fileRef = BEE0E2922B7AE50C00AE3E9F /* PokemonType.swift */; };
		BEFA5C5D2B2FE6BD005D887E /* Nuke in Frameworks */ = {isa = PBXBuildFile; productRef = BEFA5C5C2B2FE6BD005D887E /* Nuke */; };
		BEFA5C5F2B2FE6BD005D887E /* NukeExtensions in Frameworks */ = {isa = PBXBuildFile; productRef = BEFA5C5E2B2FE6BD005D887E /* NukeExtensions */; };
		BEFA5C612B2FE6BD005D887E /* NukeUI in Frameworks */ = {isa = PBXBuildFile; productRef = BEFA5C602B2FE6BD005D887E /* NukeUI */; };
		BEFA5C632B2FE6BD005D887E /* NukeVideo in Frameworks */ = {isa = PBXBuildFile; productRef = BEFA5C622B2FE6BD005D887E /* NukeVideo */; };
		BEFA9FB12B65EECD005264E2 /* ScrubbyView.swift in Sources */ = {isa = PBXBuildFile; fileRef = BEFA9FB02B65EECD005264E2 /* ScrubbyView.swift */; };
/* End PBXBuildFile section */

/* Begin PBXFileReference section */
		BE021DD92B62E71C0003E00A /* OptionsView.swift */ = {isa = PBXFileReference; lastKnownFileType = sourcecode.swift; path = OptionsView.swift; sourceTree = "<group>"; };
		BE021DDB2B62F06F0003E00A /* ContentView.swift */ = {isa = PBXFileReference; lastKnownFileType = sourcecode.swift; path = ContentView.swift; sourceTree = "<group>"; };
		BE080C802B96539900B37EFE /* PokedexColor.swift */ = {isa = PBXFileReference; lastKnownFileType = sourcecode.swift; path = PokedexColor.swift; sourceTree = "<group>"; };
		BE0ED9692B3DAAA5009057F3 /* HeroImageView.swift */ = {isa = PBXFileReference; lastKnownFileType = sourcecode.swift; path = HeroImageView.swift; sourceTree = "<group>"; };
		BE219A872B9A90270051510F /* ScrubbyKnobView.swift */ = {isa = PBXFileReference; lastKnownFileType = sourcecode.swift; path = ScrubbyKnobView.swift; sourceTree = "<group>"; };
		BE25AED82B366B1F002C3412 /* DetailStatsView.swift */ = {isa = PBXFileReference; lastKnownFileType = sourcecode.swift; path = DetailStatsView.swift; sourceTree = "<group>"; };
		BE2C59012B32471C00500E55 /* TypeFilterView.swift */ = {isa = PBXFileReference; lastKnownFileType = sourcecode.swift; path = TypeFilterView.swift; sourceTree = "<group>"; };
		BE41AE302BA4DAEF00734576 /* README.md */ = {isa = PBXFileReference; lastKnownFileType = net.daringfireball.markdown; path = README.md; sourceTree = SOURCE_ROOT; };
		BE47CA9F2B61E13300B887CD /* SideMenuView.swift */ = {isa = PBXFileReference; lastKnownFileType = sourcecode.swift; path = SideMenuView.swift; sourceTree = "<group>"; };
		BE4836992B5749E8007BEB58 /* PokedexViewController.swift */ = {isa = PBXFileReference; lastKnownFileType = sourcecode.swift; path = PokedexViewController.swift; sourceTree = "<group>"; };
		BE4FF6CA2B2BC6CB00DD2DEC /* Pokedex.app */ = {isa = PBXFileReference; explicitFileType = wrapper.application; includeInIndex = 0; path = Pokedex.app; sourceTree = BUILT_PRODUCTS_DIR; };
		BE4FF6CD2B2BC6CB00DD2DEC /* PokedexApp.swift */ = {isa = PBXFileReference; lastKnownFileType = sourcecode.swift; path = PokedexApp.swift; sourceTree = "<group>"; };
		BE4FF6D12B2BC6CC00DD2DEC /* Assets.xcassets */ = {isa = PBXFileReference; lastKnownFileType = folder.assetcatalog; path = Assets.xcassets; sourceTree = "<group>"; };
		BE4FF6D42B2BC6CC00DD2DEC /* Preview Assets.xcassets */ = {isa = PBXFileReference; lastKnownFileType = folder.assetcatalog; path = "Preview Assets.xcassets"; sourceTree = "<group>"; };
		BE4FF6DD2B2BC73900DD2DEC /* PokemonCellView.swift */ = {isa = PBXFileReference; lastKnownFileType = sourcecode.swift; path = PokemonCellView.swift; sourceTree = "<group>"; };
		BE4FF6DF2B2BD24C00DD2DEC /* PokedexView.swift */ = {isa = PBXFileReference; lastKnownFileType = sourcecode.swift; path = PokedexView.swift; sourceTree = "<group>"; };
		BE4FF6E12B2BD42F00DD2DEC /* Pokemon.swift */ = {isa = PBXFileReference; lastKnownFileType = sourcecode.swift; path = Pokemon.swift; sourceTree = "<group>"; };
		BE4FF6E32B2BD4DD00DD2DEC /* PokemonService.swift */ = {isa = PBXFileReference; lastKnownFileType = sourcecode.swift; path = PokemonService.swift; sourceTree = "<group>"; };
		BE538CD52B57549C0075DA3D /* PokedexCell.swift */ = {isa = PBXFileReference; lastKnownFileType = sourcecode.swift; path = PokedexCell.swift; sourceTree = "<group>"; };
		BE5B4E042B38EEA200DD4AA4 /* PokemonEntry.swift */ = {isa = PBXFileReference; lastKnownFileType = sourcecode.swift; path = PokemonEntry.swift; sourceTree = "<group>"; };
		BE886CA82B8FBC38008475EF /* PokemonTypeExtensions.swift */ = {isa = PBXFileReference; lastKnownFileType = sourcecode.swift; path = PokemonTypeExtensions.swift; sourceTree = "<group>"; };
		BE95A0AB2B64900000511CBE /* PokedexViewControllerView.swift */ = {isa = PBXFileReference; lastKnownFileType = sourcecode.swift; path = PokedexViewControllerView.swift; sourceTree = "<group>"; };
		BE9DBC502B31014D00123162 /* PokedexViewModel.swift */ = {isa = PBXFileReference; lastKnownFileType = sourcecode.swift; path = PokedexViewModel.swift; sourceTree = "<group>"; };
		BE9DBC552B312EE500123162 /* PokemonDetailView.swift */ = {isa = PBXFileReference; lastKnownFileType = sourcecode.swift; path = PokemonDetailView.swift; sourceTree = "<group>"; };
		BEA821A72B4A554D00835E26 /* PreviewData.swift */ = {isa = PBXFileReference; lastKnownFileType = sourcecode.swift; path = PreviewData.swift; sourceTree = "<group>"; };
		BED73DEA2B40EA57003E2600 /* StatefulPreviewWrapper.swift */ = {isa = PBXFileReference; lastKnownFileType = sourcecode.swift; path = StatefulPreviewWrapper.swift; sourceTree = "<group>"; };
		BEE0E2902B7AE4E600AE3E9F /* AlignmentExtensions.swift */ = {isa = PBXFileReference; lastKnownFileType = sourcecode.swift; path = AlignmentExtensions.swift; sourceTree = "<group>"; };
		BEE0E2922B7AE50C00AE3E9F /* PokemonType.swift */ = {isa = PBXFileReference; lastKnownFileType = sourcecode.swift; path = PokemonType.swift; sourceTree = "<group>"; };
		BEFA9FB02B65EECD005264E2 /* ScrubbyView.swift */ = {isa = PBXFileReference; lastKnownFileType = sourcecode.swift; path = ScrubbyView.swift; sourceTree = "<group>"; };
/* End PBXFileReference section */

/* Begin PBXFrameworksBuildPhase section */
		BE4FF6C72B2BC6CB00DD2DEC /* Frameworks */ = {
			isa = PBXFrameworksBuildPhase;
			buildActionMask = 2147483647;
			files = (
				BE6D914C2B30D3A400964BEB /* Siesta_Alamofire in Frameworks */,
				BE63FD2B2B2E236B00531B99 /* SwiftyJSON in Frameworks */,
				BE6D91482B30D3A400964BEB /* Siesta in Frameworks */,
				BEFA5C5D2B2FE6BD005D887E /* Nuke in Frameworks */,
				BE6D914A2B30D3A400964BEB /* SiestaUI in Frameworks */,
				BEFA5C632B2FE6BD005D887E /* NukeVideo in Frameworks */,
				BEFA5C5F2B2FE6BD005D887E /* NukeExtensions in Frameworks */,
				BEFA5C612B2FE6BD005D887E /* NukeUI in Frameworks */,
			);
			runOnlyForDeploymentPostprocessing = 0;
		};
/* End PBXFrameworksBuildPhase section */

/* Begin PBXGroup section */
		BE2C58FE2B3245FE00500E55 /* Utils */ = {
			isa = PBXGroup;
			children = (
				BED73DEA2B40EA57003E2600 /* StatefulPreviewWrapper.swift */,
				BEE0E2902B7AE4E600AE3E9F /* AlignmentExtensions.swift */,
				BE080C802B96539900B37EFE /* PokedexColor.swift */,
			);
			path = Utils;
			sourceTree = "<group>";
		};
		BE4FF6C12B2BC6CB00DD2DEC = {
			isa = PBXGroup;
			children = (
				BE4FF6CC2B2BC6CB00DD2DEC /* Pokedex */,
				BE4FF6CB2B2BC6CB00DD2DEC /* Products */,
				BE538CD72B5756840075DA3D /* Frameworks */,
			);
			sourceTree = "<group>";
		};
		BE4FF6CB2B2BC6CB00DD2DEC /* Products */ = {
			isa = PBXGroup;
			children = (
				BE4FF6CA2B2BC6CB00DD2DEC /* Pokedex.app */,
			);
			name = Products;
			sourceTree = "<group>";
		};
		BE4FF6CC2B2BC6CB00DD2DEC /* Pokedex */ = {
			isa = PBXGroup;
			children = (
				BE886CA72B8FBBF1008475EF /* Extensions */,
				BE95A0AA2B648FC500511CBE /* UIKit */,
				BE4FF6DB2B2BC72000DD2DEC /* Models */,
				BE9DBC542B311ACF00123162 /* View Models */,
				BE4FF6DC2B2BC72800DD2DEC /* Views */,
				BE2C58FE2B3245FE00500E55 /* Utils */,
				BE4FF6CD2B2BC6CB00DD2DEC /* PokedexApp.swift */,
				BE4FF6E32B2BD4DD00DD2DEC /* PokemonService.swift */,
				BE4FF6D12B2BC6CC00DD2DEC /* Assets.xcassets */,
				BE4FF6D32B2BC6CC00DD2DEC /* Preview Content */,
				BE41AE302BA4DAEF00734576 /* README.md */,
			);
			path = Pokedex;
			sourceTree = "<group>";
		};
		BE4FF6D32B2BC6CC00DD2DEC /* Preview Content */ = {
			isa = PBXGroup;
			children = (
				BE4FF6D42B2BC6CC00DD2DEC /* Preview Assets.xcassets */,
				BEA821A72B4A554D00835E26 /* PreviewData.swift */,
			);
			path = "Preview Content";
			sourceTree = "<group>";
		};
		BE4FF6DB2B2BC72000DD2DEC /* Models */ = {
			isa = PBXGroup;
			children = (
				BE5B4E042B38EEA200DD4AA4 /* PokemonEntry.swift */,
				BE4FF6E12B2BD42F00DD2DEC /* Pokemon.swift */,
				BEE0E2922B7AE50C00AE3E9F /* PokemonType.swift */,
			);
			path = Models;
			sourceTree = "<group>";
		};
		BE4FF6DC2B2BC72800DD2DEC /* Views */ = {
			isa = PBXGroup;
			children = (
				BEB94F3D2B7711300029E0FE /* Components */,
				BEB94F3E2B7711500029E0FE /* Main */,
				BE95A0B12B64926C00511CBE /* Detail */,
				BE95A0B02B64925F00511CBE /* UIKit */,
				BE95A0AF2B64925600511CBE /* Root */,
			);
			path = Views;
			sourceTree = "<group>";
		};
		BE538CD72B5756840075DA3D /* Frameworks */ = {
			isa = PBXGroup;
			children = (
			);
			name = Frameworks;
			sourceTree = "<group>";
		};
		BE886CA72B8FBBF1008475EF /* Extensions */ = {
			isa = PBXGroup;
			children = (
				BE886CA82B8FBC38008475EF /* PokemonTypeExtensions.swift */,
			);
			path = Extensions;
			sourceTree = "<group>";
		};
		BE95A0AA2B648FC500511CBE /* UIKit */ = {
			isa = PBXGroup;
			children = (
				BE4836992B5749E8007BEB58 /* PokedexViewController.swift */,
				BEFA9FB02B65EECD005264E2 /* ScrubbyView.swift */,
				BE538CD52B57549C0075DA3D /* PokedexCell.swift */,
			);
			path = UIKit;
			sourceTree = "<group>";
		};
		BE95A0AF2B64925600511CBE /* Root */ = {
			isa = PBXGroup;
			children = (
				BE021DDB2B62F06F0003E00A /* ContentView.swift */,
			);
			path = Root;
			sourceTree = "<group>";
		};
		BE95A0B02B64925F00511CBE /* UIKit */ = {
			isa = PBXGroup;
			children = (
				BE95A0AB2B64900000511CBE /* PokedexViewControllerView.swift */,
			);
			path = UIKit;
			sourceTree = "<group>";
		};
		BE95A0B12B64926C00511CBE /* Detail */ = {
			isa = PBXGroup;
			children = (
				BE0ED9692B3DAAA5009057F3 /* HeroImageView.swift */,
				BE25AED82B366B1F002C3412 /* DetailStatsView.swift */,
				BE9DBC552B312EE500123162 /* PokemonDetailView.swift */,
			);
			path = Detail;
			sourceTree = "<group>";
		};
		BE9DBC542B311ACF00123162 /* View Models */ = {
			isa = PBXGroup;
			children = (
				BE9DBC502B31014D00123162 /* PokedexViewModel.swift */,
			);
			path = "View Models";
			sourceTree = "<group>";
		};
		BEB94F3D2B7711300029E0FE /* Components */ = {
			isa = PBXGroup;
			children = (
				BE2C59012B32471C00500E55 /* TypeFilterView.swift */,
				BE47CA9F2B61E13300B887CD /* SideMenuView.swift */,
				BE021DD92B62E71C0003E00A /* OptionsView.swift */,
				BE219A872B9A90270051510F /* ScrubbyKnobView.swift */,
			);
			path = Components;
			sourceTree = "<group>";
		};
		BEB94F3E2B7711500029E0FE /* Main */ = {
			isa = PBXGroup;
			children = (
				BE4FF6DD2B2BC73900DD2DEC /* PokemonCellView.swift */,
				BE4FF6DF2B2BD24C00DD2DEC /* PokedexView.swift */,
			);
			path = Main;
			sourceTree = "<group>";
		};
/* End PBXGroup section */

/* Begin PBXNativeTarget section */
		BE4FF6C92B2BC6CB00DD2DEC /* Pokedex */ = {
			isa = PBXNativeTarget;
			buildConfigurationList = BE4FF6D82B2BC6CC00DD2DEC /* Build configuration list for PBXNativeTarget "Pokedex" */;
			buildPhases = (
				BE4FF6C62B2BC6CB00DD2DEC /* Sources */,
				BE4FF6C72B2BC6CB00DD2DEC /* Frameworks */,
				BE4FF6C82B2BC6CB00DD2DEC /* Resources */,
			);
			buildRules = (
			);
			dependencies = (
			);
			name = Pokedex;
			packageProductDependencies = (
				BE63FD2A2B2E236B00531B99 /* SwiftyJSON */,
				BEFA5C5C2B2FE6BD005D887E /* Nuke */,
				BEFA5C5E2B2FE6BD005D887E /* NukeExtensions */,
				BEFA5C602B2FE6BD005D887E /* NukeUI */,
				BEFA5C622B2FE6BD005D887E /* NukeVideo */,
				BE6D91472B30D3A400964BEB /* Siesta */,
				BE6D91492B30D3A400964BEB /* SiestaUI */,
				BE6D914B2B30D3A400964BEB /* Siesta_Alamofire */,
			);
			productName = Pokedex;
			productReference = BE4FF6CA2B2BC6CB00DD2DEC /* Pokedex.app */;
			productType = "com.apple.product-type.application";
		};
/* End PBXNativeTarget section */

/* Begin PBXProject section */
		BE4FF6C22B2BC6CB00DD2DEC /* Project object */ = {
			isa = PBXProject;
			attributes = {
				BuildIndependentTargetsInParallel = 1;
				LastSwiftUpdateCheck = 1500;
				LastUpgradeCheck = 1500;
				TargetAttributes = {
					BE4FF6C92B2BC6CB00DD2DEC = {
						CreatedOnToolsVersion = 15.0.1;
					};
				};
			};
			buildConfigurationList = BE4FF6C52B2BC6CB00DD2DEC /* Build configuration list for PBXProject "Pokedex" */;
			compatibilityVersion = "Xcode 14.0";
			developmentRegion = en;
			hasScannedForEncodings = 0;
			knownRegions = (
				en,
				Base,
			);
			mainGroup = BE4FF6C12B2BC6CB00DD2DEC;
			packageReferences = (
				BE63FD292B2E236B00531B99 /* XCRemoteSwiftPackageReference "SwiftyJSON" */,
				BEFA5C5B2B2FE6BD005D887E /* XCRemoteSwiftPackageReference "Nuke" */,
				BE6D91462B30D3A400964BEB /* XCRemoteSwiftPackageReference "siesta" */,
			);
			productRefGroup = BE4FF6CB2B2BC6CB00DD2DEC /* Products */;
			projectDirPath = "";
			projectRoot = "";
			targets = (
				BE4FF6C92B2BC6CB00DD2DEC /* Pokedex */,
			);
		};
/* End PBXProject section */

/* Begin PBXResourcesBuildPhase section */
		BE4FF6C82B2BC6CB00DD2DEC /* Resources */ = {
			isa = PBXResourcesBuildPhase;
			buildActionMask = 2147483647;
			files = (
				BE41AE312BA4DAEF00734576 /* README.md in Resources */,
				BE4FF6D52B2BC6CC00DD2DEC /* Preview Assets.xcassets in Resources */,
				BE4FF6D22B2BC6CC00DD2DEC /* Assets.xcassets in Resources */,
			);
			runOnlyForDeploymentPostprocessing = 0;
		};
/* End PBXResourcesBuildPhase section */

/* Begin PBXSourcesBuildPhase section */
		BE4FF6C62B2BC6CB00DD2DEC /* Sources */ = {
			isa = PBXSourcesBuildPhase;
			buildActionMask = 2147483647;
			files = (
				BE25AED92B366B1F002C3412 /* DetailStatsView.swift in Sources */,
				BE95A0AD2B64907000511CBE /* PokedexViewController.swift in Sources */,
				BE4FF6E22B2BD42F00DD2DEC /* Pokemon.swift in Sources */,
				BE95A0AE2B64907300511CBE /* PokedexCell.swift in Sources */,
				BE080C812B96539900B37EFE /* PokedexColor.swift in Sources */,
				BE9DBC562B312EE500123162 /* PokemonDetailView.swift in Sources */,
				BEA821A82B4A554D00835E26 /* PreviewData.swift in Sources */,
				BE4FF6CE2B2BC6CB00DD2DEC /* PokedexApp.swift in Sources */,
				BEE0E2932B7AE50C00AE3E9F /* PokemonType.swift in Sources */,
				BED73DEB2B40EA57003E2600 /* StatefulPreviewWrapper.swift in Sources */,
				BEFA9FB12B65EECD005264E2 /* ScrubbyView.swift in Sources */,
				BE95A0AC2B64900000511CBE /* PokedexViewControllerView.swift in Sources */,
				BE021DDC2B62F06F0003E00A /* ContentView.swift in Sources */,
				BE0ED96A2B3DAAA5009057F3 /* HeroImageView.swift in Sources */,
				BE4FF6DE2B2BC73900DD2DEC /* PokemonCellView.swift in Sources */,
				BE021DDA2B62E71C0003E00A /* OptionsView.swift in Sources */,
				BE2C59022B32471C00500E55 /* TypeFilterView.swift in Sources */,
				BE886CA92B8FBC38008475EF /* PokemonTypeExtensions.swift in Sources */,
				BE5B4E052B38EEA200DD4AA4 /* PokemonEntry.swift in Sources */,
				BEE0E2912B7AE4E600AE3E9F /* AlignmentExtensions.swift in Sources */,
				BE4FF6E02B2BD24C00DD2DEC /* PokedexView.swift in Sources */,
				BE47CAA02B61E13300B887CD /* SideMenuView.swift in Sources */,
				BE4FF6E42B2BD4DD00DD2DEC /* PokemonService.swift in Sources */,
				BE219A882B9A90270051510F /* ScrubbyKnobView.swift in Sources */,
				BE9DBC512B31014D00123162 /* PokedexViewModel.swift in Sources */,
			);
			runOnlyForDeploymentPostprocessing = 0;
		};
/* End PBXSourcesBuildPhase section */

/* Begin XCBuildConfiguration section */
		BE4FF6D62B2BC6CC00DD2DEC /* Debug */ = {
			isa = XCBuildConfiguration;
			buildSettings = {
				ALWAYS_SEARCH_USER_PATHS = NO;
				ASSETCATALOG_COMPILER_GENERATE_SWIFT_ASSET_SYMBOL_EXTENSIONS = YES;
				CLANG_ANALYZER_NONNULL = YES;
				CLANG_ANALYZER_NUMBER_OBJECT_CONVERSION = YES_AGGRESSIVE;
				CLANG_CXX_LANGUAGE_STANDARD = "gnu++20";
				CLANG_ENABLE_MODULES = YES;
				CLANG_ENABLE_OBJC_ARC = YES;
				CLANG_ENABLE_OBJC_WEAK = YES;
				CLANG_WARN_BLOCK_CAPTURE_AUTORELEASING = YES;
				CLANG_WARN_BOOL_CONVERSION = YES;
				CLANG_WARN_COMMA = YES;
				CLANG_WARN_CONSTANT_CONVERSION = YES;
				CLANG_WARN_DEPRECATED_OBJC_IMPLEMENTATIONS = YES;
				CLANG_WARN_DIRECT_OBJC_ISA_USAGE = YES_ERROR;
				CLANG_WARN_DOCUMENTATION_COMMENTS = YES;
				CLANG_WARN_EMPTY_BODY = YES;
				CLANG_WARN_ENUM_CONVERSION = YES;
				CLANG_WARN_INFINITE_RECURSION = YES;
				CLANG_WARN_INT_CONVERSION = YES;
				CLANG_WARN_NON_LITERAL_NULL_CONVERSION = YES;
				CLANG_WARN_OBJC_IMPLICIT_RETAIN_SELF = YES;
				CLANG_WARN_OBJC_LITERAL_CONVERSION = YES;
				CLANG_WARN_OBJC_ROOT_CLASS = YES_ERROR;
				CLANG_WARN_QUOTED_INCLUDE_IN_FRAMEWORK_HEADER = YES;
				CLANG_WARN_RANGE_LOOP_ANALYSIS = YES;
				CLANG_WARN_STRICT_PROTOTYPES = YES;
				CLANG_WARN_SUSPICIOUS_MOVE = YES;
				CLANG_WARN_UNGUARDED_AVAILABILITY = YES_AGGRESSIVE;
				CLANG_WARN_UNREACHABLE_CODE = YES;
				CLANG_WARN__DUPLICATE_METHOD_MATCH = YES;
				COPY_PHASE_STRIP = NO;
				DEBUG_INFORMATION_FORMAT = dwarf;
				ENABLE_STRICT_OBJC_MSGSEND = YES;
				ENABLE_TESTABILITY = YES;
				ENABLE_USER_SCRIPT_SANDBOXING = YES;
				GCC_C_LANGUAGE_STANDARD = gnu17;
				GCC_DYNAMIC_NO_PIC = NO;
				GCC_NO_COMMON_BLOCKS = YES;
				GCC_OPTIMIZATION_LEVEL = 0;
				GCC_PREPROCESSOR_DEFINITIONS = (
					"DEBUG=1",
					"$(inherited)",
				);
				GCC_WARN_64_TO_32_BIT_CONVERSION = YES;
				GCC_WARN_ABOUT_RETURN_TYPE = YES_ERROR;
				GCC_WARN_UNDECLARED_SELECTOR = YES;
				GCC_WARN_UNINITIALIZED_AUTOS = YES_AGGRESSIVE;
				GCC_WARN_UNUSED_FUNCTION = YES;
				GCC_WARN_UNUSED_VARIABLE = YES;
				IPHONEOS_DEPLOYMENT_TARGET = 17.0;
				LOCALIZATION_PREFERS_STRING_CATALOGS = YES;
				MTL_ENABLE_DEBUG_INFO = INCLUDE_SOURCE;
				MTL_FAST_MATH = YES;
				ONLY_ACTIVE_ARCH = YES;
				SDKROOT = iphoneos;
				SWIFT_ACTIVE_COMPILATION_CONDITIONS = "DEBUG $(inherited)";
				SWIFT_OPTIMIZATION_LEVEL = "-Onone";
			};
			name = Debug;
		};
		BE4FF6D72B2BC6CC00DD2DEC /* Release */ = {
			isa = XCBuildConfiguration;
			buildSettings = {
				ALWAYS_SEARCH_USER_PATHS = NO;
				ASSETCATALOG_COMPILER_GENERATE_SWIFT_ASSET_SYMBOL_EXTENSIONS = YES;
				CLANG_ANALYZER_NONNULL = YES;
				CLANG_ANALYZER_NUMBER_OBJECT_CONVERSION = YES_AGGRESSIVE;
				CLANG_CXX_LANGUAGE_STANDARD = "gnu++20";
				CLANG_ENABLE_MODULES = YES;
				CLANG_ENABLE_OBJC_ARC = YES;
				CLANG_ENABLE_OBJC_WEAK = YES;
				CLANG_WARN_BLOCK_CAPTURE_AUTORELEASING = YES;
				CLANG_WARN_BOOL_CONVERSION = YES;
				CLANG_WARN_COMMA = YES;
				CLANG_WARN_CONSTANT_CONVERSION = YES;
				CLANG_WARN_DEPRECATED_OBJC_IMPLEMENTATIONS = YES;
				CLANG_WARN_DIRECT_OBJC_ISA_USAGE = YES_ERROR;
				CLANG_WARN_DOCUMENTATION_COMMENTS = YES;
				CLANG_WARN_EMPTY_BODY = YES;
				CLANG_WARN_ENUM_CONVERSION = YES;
				CLANG_WARN_INFINITE_RECURSION = YES;
				CLANG_WARN_INT_CONVERSION = YES;
				CLANG_WARN_NON_LITERAL_NULL_CONVERSION = YES;
				CLANG_WARN_OBJC_IMPLICIT_RETAIN_SELF = YES;
				CLANG_WARN_OBJC_LITERAL_CONVERSION = YES;
				CLANG_WARN_OBJC_ROOT_CLASS = YES_ERROR;
				CLANG_WARN_QUOTED_INCLUDE_IN_FRAMEWORK_HEADER = YES;
				CLANG_WARN_RANGE_LOOP_ANALYSIS = YES;
				CLANG_WARN_STRICT_PROTOTYPES = YES;
				CLANG_WARN_SUSPICIOUS_MOVE = YES;
				CLANG_WARN_UNGUARDED_AVAILABILITY = YES_AGGRESSIVE;
				CLANG_WARN_UNREACHABLE_CODE = YES;
				CLANG_WARN__DUPLICATE_METHOD_MATCH = YES;
				COPY_PHASE_STRIP = NO;
				DEBUG_INFORMATION_FORMAT = "dwarf-with-dsym";
				ENABLE_NS_ASSERTIONS = NO;
				ENABLE_STRICT_OBJC_MSGSEND = YES;
				ENABLE_USER_SCRIPT_SANDBOXING = YES;
				GCC_C_LANGUAGE_STANDARD = gnu17;
				GCC_NO_COMMON_BLOCKS = YES;
				GCC_WARN_64_TO_32_BIT_CONVERSION = YES;
				GCC_WARN_ABOUT_RETURN_TYPE = YES_ERROR;
				GCC_WARN_UNDECLARED_SELECTOR = YES;
				GCC_WARN_UNINITIALIZED_AUTOS = YES_AGGRESSIVE;
				GCC_WARN_UNUSED_FUNCTION = YES;
				GCC_WARN_UNUSED_VARIABLE = YES;
				IPHONEOS_DEPLOYMENT_TARGET = 17.0;
				LOCALIZATION_PREFERS_STRING_CATALOGS = YES;
				MTL_ENABLE_DEBUG_INFO = NO;
				MTL_FAST_MATH = YES;
				SDKROOT = iphoneos;
				SWIFT_COMPILATION_MODE = wholemodule;
				VALIDATE_PRODUCT = YES;
			};
			name = Release;
		};
		BE4FF6D92B2BC6CC00DD2DEC /* Debug */ = {
			isa = XCBuildConfiguration;
			buildSettings = {
				ASSETCATALOG_COMPILER_APPICON_NAME = AppIcon;
				ASSETCATALOG_COMPILER_GLOBAL_ACCENT_COLOR_NAME = AccentColor;
				CODE_SIGN_STYLE = Automatic;
				CURRENT_PROJECT_VERSION = 1;
				DEVELOPMENT_ASSET_PATHS = "\"Pokedex/Preview Content\"";
				DEVELOPMENT_TEAM = FE43AHL2D2;
				ENABLE_PREVIEWS = YES;
				GENERATE_INFOPLIST_FILE = YES;
				INFOPLIST_KEY_UIApplicationSceneManifest_Generation = YES;
				INFOPLIST_KEY_UIApplicationSupportsIndirectInputEvents = YES;
				INFOPLIST_KEY_UILaunchScreen_Generation = YES;
				INFOPLIST_KEY_UISupportedInterfaceOrientations_iPad = "UIInterfaceOrientationPortrait UIInterfaceOrientationPortraitUpsideDown UIInterfaceOrientationLandscapeLeft UIInterfaceOrientationLandscapeRight";
				INFOPLIST_KEY_UISupportedInterfaceOrientations_iPhone = "UIInterfaceOrientationPortrait UIInterfaceOrientationLandscapeLeft UIInterfaceOrientationLandscapeRight";
				LD_RUNPATH_SEARCH_PATHS = (
					"$(inherited)",
					"@executable_path/Frameworks",
				);
				MARKETING_VERSION = 1.0;
				PRODUCT_BUNDLE_IDENTIFIER = com.sdx.Pokedex;
				PRODUCT_NAME = "$(TARGET_NAME)";
				SWIFT_EMIT_LOC_STRINGS = YES;
				SWIFT_VERSION = 5.0;
				TARGETED_DEVICE_FAMILY = "1,2";
			};
			name = Debug;
		};
		BE4FF6DA2B2BC6CC00DD2DEC /* Release */ = {
			isa = XCBuildConfiguration;
			buildSettings = {
				ASSETCATALOG_COMPILER_APPICON_NAME = AppIcon;
				ASSETCATALOG_COMPILER_GLOBAL_ACCENT_COLOR_NAME = AccentColor;
				CODE_SIGN_STYLE = Automatic;
				CURRENT_PROJECT_VERSION = 1;
				DEVELOPMENT_ASSET_PATHS = "\"Pokedex/Preview Content\"";
				DEVELOPMENT_TEAM = FE43AHL2D2;
				ENABLE_PREVIEWS = YES;
				GENERATE_INFOPLIST_FILE = YES;
				INFOPLIST_KEY_UIApplicationSceneManifest_Generation = YES;
				INFOPLIST_KEY_UIApplicationSupportsIndirectInputEvents = YES;
				INFOPLIST_KEY_UILaunchScreen_Generation = YES;
				INFOPLIST_KEY_UISupportedInterfaceOrientations_iPad = "UIInterfaceOrientationPortrait UIInterfaceOrientationPortraitUpsideDown UIInterfaceOrientationLandscapeLeft UIInterfaceOrientationLandscapeRight";
				INFOPLIST_KEY_UISupportedInterfaceOrientations_iPhone = "UIInterfaceOrientationPortrait UIInterfaceOrientationLandscapeLeft UIInterfaceOrientationLandscapeRight";
				LD_RUNPATH_SEARCH_PATHS = (
					"$(inherited)",
					"@executable_path/Frameworks",
				);
				MARKETING_VERSION = 1.0;
				PRODUCT_BUNDLE_IDENTIFIER = com.sdx.Pokedex;
				PRODUCT_NAME = "$(TARGET_NAME)";
				SWIFT_EMIT_LOC_STRINGS = YES;
				SWIFT_VERSION = 5.0;
				TARGETED_DEVICE_FAMILY = "1,2";
			};
			name = Release;
		};
/* End XCBuildConfiguration section */

/* Begin XCConfigurationList section */
		BE4FF6C52B2BC6CB00DD2DEC /* Build configuration list for PBXProject "Pokedex" */ = {
			isa = XCConfigurationList;
			buildConfigurations = (
				BE4FF6D62B2BC6CC00DD2DEC /* Debug */,
				BE4FF6D72B2BC6CC00DD2DEC /* Release */,
			);
			defaultConfigurationIsVisible = 0;
			defaultConfigurationName = Release;
		};
		BE4FF6D82B2BC6CC00DD2DEC /* Build configuration list for PBXNativeTarget "Pokedex" */ = {
			isa = XCConfigurationList;
			buildConfigurations = (
				BE4FF6D92B2BC6CC00DD2DEC /* Debug */,
				BE4FF6DA2B2BC6CC00DD2DEC /* Release */,
			);
			defaultConfigurationIsVisible = 0;
			defaultConfigurationName = Release;
		};
/* End XCConfigurationList section */

/* Begin XCRemoteSwiftPackageReference section */
		BE63FD292B2E236B00531B99 /* XCRemoteSwiftPackageReference "SwiftyJSON" */ = {
			isa = XCRemoteSwiftPackageReference;
			repositoryURL = "https://github.com/SwiftyJSON/SwiftyJSON.git";
			requirement = {
				kind = upToNextMajorVersion;
				minimumVersion = 5.0.1;
			};
		};
		BE6D91462B30D3A400964BEB /* XCRemoteSwiftPackageReference "siesta" */ = {
			isa = XCRemoteSwiftPackageReference;
			repositoryURL = "https://github.com/bustoutsolutions/siesta";
			requirement = {
				kind = upToNextMajorVersion;
				minimumVersion = 1.5.2;
			};
		};
		BEFA5C5B2B2FE6BD005D887E /* XCRemoteSwiftPackageReference "Nuke" */ = {
			isa = XCRemoteSwiftPackageReference;
			repositoryURL = "https://github.com/kean/Nuke.git";
			requirement = {
				kind = upToNextMajorVersion;
				minimumVersion = 12.2.0;
			};
		};
/* End XCRemoteSwiftPackageReference section */

/* Begin XCSwiftPackageProductDependency section */
		BE63FD2A2B2E236B00531B99 /* SwiftyJSON */ = {
			isa = XCSwiftPackageProductDependency;
			package = BE63FD292B2E236B00531B99 /* XCRemoteSwiftPackageReference "SwiftyJSON" */;
			productName = SwiftyJSON;
		};
		BE6D91472B30D3A400964BEB /* Siesta */ = {
			isa = XCSwiftPackageProductDependency;
			package = BE6D91462B30D3A400964BEB /* XCRemoteSwiftPackageReference "siesta" */;
			productName = Siesta;
		};
		BE6D91492B30D3A400964BEB /* SiestaUI */ = {
			isa = XCSwiftPackageProductDependency;
			package = BE6D91462B30D3A400964BEB /* XCRemoteSwiftPackageReference "siesta" */;
			productName = SiestaUI;
		};
		BE6D914B2B30D3A400964BEB /* Siesta_Alamofire */ = {
			isa = XCSwiftPackageProductDependency;
			package = BE6D91462B30D3A400964BEB /* XCRemoteSwiftPackageReference "siesta" */;
			productName = Siesta_Alamofire;
		};
		BEFA5C5C2B2FE6BD005D887E /* Nuke */ = {
			isa = XCSwiftPackageProductDependency;
			package = BEFA5C5B2B2FE6BD005D887E /* XCRemoteSwiftPackageReference "Nuke" */;
			productName = Nuke;
		};
		BEFA5C5E2B2FE6BD005D887E /* NukeExtensions */ = {
			isa = XCSwiftPackageProductDependency;
			package = BEFA5C5B2B2FE6BD005D887E /* XCRemoteSwiftPackageReference "Nuke" */;
			productName = NukeExtensions;
		};
		BEFA5C602B2FE6BD005D887E /* NukeUI */ = {
			isa = XCSwiftPackageProductDependency;
			package = BEFA5C5B2B2FE6BD005D887E /* XCRemoteSwiftPackageReference "Nuke" */;
			productName = NukeUI;
		};
		BEFA5C622B2FE6BD005D887E /* NukeVideo */ = {
			isa = XCSwiftPackageProductDependency;
			package = BEFA5C5B2B2FE6BD005D887E /* XCRemoteSwiftPackageReference "Nuke" */;
			productName = NukeVideo;
		};
/* End XCSwiftPackageProductDependency section */
	};
	rootObject = BE4FF6C22B2BC6CB00DD2DEC /* Project object */;
}
